
Microsoft Visual Studio Solution File, Format Version 12.00
# Visual Studio 15
VisualStudioVersion = 15.0.28307.645
MinimumVisualStudioVersion = 10.0.40219.1
Project("{FAE04EC0-301F-11D3-BF4B-00C04F79EFBC}") = "DynamicTabs.Practise01", "DynamicTabs.Practise01\DynamicTabs.Practise01.csproj", "{36568F57-55E5-4056-B0A7-36A7DB24ACE7}"
EndProject
Global
	GlobalSection(SolutionConfigurationPlatforms) = preSolution
		Debug|Any CPU = Debug|Any CPU
		Release|Any CPU = Release|Any CPU
	EndGlobalSection
	GlobalSection(ProjectConfigurationPlatforms) = postSolution
		{36568F57-55E5-4056-B0A7-36A7DB24ACE7}.Debug|Any CPU.ActiveCfg = Debug|Any CPU
		{36568F57-55E5-4056-B0A7-36A7DB24ACE7}.Debug|Any CPU.Build.0 = Debug|Any CPU
		{36568F57-55E5-4056-B0A7-36A7DB24ACE7}.Release|Any CPU.ActiveCfg = Release|Any CPU
		{36568F57-55E5-4056-B0A7-36A7DB24ACE7}.Release|Any CPU.Build.0 = Release|Any CPU
	EndGlobalSection
	GlobalSection(SolutionProperties) = preSolution
		HideSolutionNode = FALSE
	EndGlobalSection
	GlobalSection(ExtensibilityGlobals) = postSolution
		SolutionGuid = {33B219C0-3169-470D-814B-4838D76355D3}
	EndGlobalSection
EndGlobal
